// !$*UTF8*$!
{
	archiveVersion = 1;
	classes = {
	};
	objectVersion = 50;
	objects = {

/* Begin PBXBuildFile section */
		753CDAD22757E05D00FFAA87 /* AppDelegate.swift in Sources */ = {isa = PBXBuildFile; fileRef = 753CDAD12757E05D00FFAA87 /* AppDelegate.swift */; };
		753CDAD42757E05D00FFAA87 /* SceneDelegate.swift in Sources */ = {isa = PBXBuildFile; fileRef = 753CDAD32757E05D00FFAA87 /* SceneDelegate.swift */; };
		753CDAD62757E05D00FFAA87 /* ViewController.swift in Sources */ = {isa = PBXBuildFile; fileRef = 753CDAD52757E05D00FFAA87 /* ViewController.swift */; };
		753CDAD92757E05D00FFAA87 /* Main.storyboard in Resources */ = {isa = PBXBuildFile; fileRef = 753CDAD72757E05D00FFAA87 /* Main.storyboard */; };
		753CDADC2757E05D00FFAA87 /* OrganicBeauti2.xcdatamodeld in Sources */ = {isa = PBXBuildFile; fileRef = 753CDADA2757E05D00FFAA87 /* OrganicBeauti2.xcdatamodeld */; };
		753CDADE2757E05D00FFAA87 /* Assets.xcassets in Resources */ = {isa = PBXBuildFile; fileRef = 753CDADD2757E05D00FFAA87 /* Assets.xcassets */; };
		753CDAE12757E05D00FFAA87 /* LaunchScreen.storyboard in Resources */ = {isa = PBXBuildFile; fileRef = 753CDADF2757E05D00FFAA87 /* LaunchScreen.storyboard */; };
		753CDAE92757E10400FFAA87 /* AccountViewController.swift in Sources */ = {isa = PBXBuildFile; fileRef = 753CDAE82757E10400FFAA87 /* AccountViewController.swift */; };
		75903A57275AC3B20054FDF4 /* CurrentSession.swift in Sources */ = {isa = PBXBuildFile; fileRef = 75903A56275AC3B20054FDF4 /* CurrentSession.swift */; };
		75903A59275AC3EE0054FDF4 /* User.swift in Sources */ = {isa = PBXBuildFile; fileRef = 75903A58275AC3EE0054FDF4 /* User.swift */; };
		75903A5B275AC4D40054FDF4 /* Order.swift in Sources */ = {isa = PBXBuildFile; fileRef = 75903A5A275AC4D40054FDF4 /* Order.swift */; };
		75903A5D275AC4FA0054FDF4 /* OrderItem.swift in Sources */ = {isa = PBXBuildFile; fileRef = 75903A5C275AC4FA0054FDF4 /* OrderItem.swift */; };
		759DEE5E2759B42A0018A288 /* SignUpViewController.swift in Sources */ = {isa = PBXBuildFile; fileRef = 759DEE5D2759B42A0018A288 /* SignUpViewController.swift */; };
		B4B4116E275BF91800E43385 /* ItemViewViewController.swift in Sources */ = {isa = PBXBuildFile; fileRef = B4B4116D275BF91800E43385 /* ItemViewViewController.swift */; };
		B4D16870275AB608009C192B /* ProductCollectionViewCell.swift in Sources */ = {isa = PBXBuildFile; fileRef = B4D1686F275AB608009C192B /* ProductCollectionViewCell.swift */; };
		B4D16872275AB6AC009C192B /* SearchViewController.swift in Sources */ = {isa = PBXBuildFile; fileRef = B4D16871275AB6AC009C192B /* SearchViewController.swift */; };
		B4D16874275AB934009C192B /* Product.swift in Sources */ = {isa = PBXBuildFile; fileRef = B4D16873275AB934009C192B /* Product.swift */; };
		B4D16876275B335B009C192B /* HomeViewController.swift in Sources */ = {isa = PBXBuildFile; fileRef = B4D16875275B335B009C192B /* HomeViewController.swift */; };
		B4D16878275B3A28009C192B /* NewProductTableViewCell.swift in Sources */ = {isa = PBXBuildFile; fileRef = B4D16877275B3A28009C192B /* NewProductTableViewCell.swift */; };
/* End PBXBuildFile section */

/* Begin PBXFileReference section */
		753CDACE2757E05D00FFAA87 /* OrganicBeauti2.app */ = {isa = PBXFileReference; explicitFileType = wrapper.application; includeInIndex = 0; path = OrganicBeauti2.app; sourceTree = BUILT_PRODUCTS_DIR; };
		753CDAD12757E05D00FFAA87 /* AppDelegate.swift */ = {isa = PBXFileReference; lastKnownFileType = sourcecode.swift; path = AppDelegate.swift; sourceTree = "<group>"; };
		753CDAD32757E05D00FFAA87 /* SceneDelegate.swift */ = {isa = PBXFileReference; lastKnownFileType = sourcecode.swift; path = SceneDelegate.swift; sourceTree = "<group>"; };
		753CDAD52757E05D00FFAA87 /* ViewController.swift */ = {isa = PBXFileReference; lastKnownFileType = sourcecode.swift; path = ViewController.swift; sourceTree = "<group>"; };
		753CDAD82757E05D00FFAA87 /* Base */ = {isa = PBXFileReference; lastKnownFileType = file.storyboard; name = Base; path = Base.lproj/Main.storyboard; sourceTree = "<group>"; };
		753CDADB2757E05D00FFAA87 /* OrganicBeauti2.xcdatamodel */ = {isa = PBXFileReference; lastKnownFileType = wrapper.xcdatamodel; path = OrganicBeauti2.xcdatamodel; sourceTree = "<group>"; };
		753CDADD2757E05D00FFAA87 /* Assets.xcassets */ = {isa = PBXFileReference; lastKnownFileType = folder.assetcatalog; path = Assets.xcassets; sourceTree = "<group>"; };
		753CDAE02757E05D00FFAA87 /* Base */ = {isa = PBXFileReference; lastKnownFileType = file.storyboard; name = Base; path = Base.lproj/LaunchScreen.storyboard; sourceTree = "<group>"; };
		753CDAE22757E05D00FFAA87 /* Info.plist */ = {isa = PBXFileReference; lastKnownFileType = text.plist.xml; path = Info.plist; sourceTree = "<group>"; };
		753CDAE82757E10400FFAA87 /* AccountViewController.swift */ = {isa = PBXFileReference; lastKnownFileType = sourcecode.swift; path = AccountViewController.swift; sourceTree = "<group>"; };
		75903A56275AC3B20054FDF4 /* CurrentSession.swift */ = {isa = PBXFileReference; lastKnownFileType = sourcecode.swift; path = CurrentSession.swift; sourceTree = "<group>"; };
		75903A58275AC3EE0054FDF4 /* User.swift */ = {isa = PBXFileReference; lastKnownFileType = sourcecode.swift; path = User.swift; sourceTree = "<group>"; };
		75903A5A275AC4D40054FDF4 /* Order.swift */ = {isa = PBXFileReference; lastKnownFileType = sourcecode.swift; path = Order.swift; sourceTree = "<group>"; };
		75903A5C275AC4FA0054FDF4 /* OrderItem.swift */ = {isa = PBXFileReference; lastKnownFileType = sourcecode.swift; path = OrderItem.swift; sourceTree = "<group>"; };
		759DEE5D2759B42A0018A288 /* SignUpViewController.swift */ = {isa = PBXFileReference; lastKnownFileType = sourcecode.swift; path = SignUpViewController.swift; sourceTree = "<group>"; };
		B4B4116D275BF91800E43385 /* ItemViewViewController.swift */ = {isa = PBXFileReference; lastKnownFileType = sourcecode.swift; path = ItemViewViewController.swift; sourceTree = "<group>"; };
		B4D1686F275AB608009C192B /* ProductCollectionViewCell.swift */ = {isa = PBXFileReference; lastKnownFileType = sourcecode.swift; path = ProductCollectionViewCell.swift; sourceTree = "<group>"; };
		B4D16871275AB6AC009C192B /* SearchViewController.swift */ = {isa = PBXFileReference; lastKnownFileType = sourcecode.swift; path = SearchViewController.swift; sourceTree = "<group>"; };
		B4D16873275AB934009C192B /* Product.swift */ = {isa = PBXFileReference; lastKnownFileType = sourcecode.swift; path = Product.swift; sourceTree = "<group>"; };
		B4D16875275B335B009C192B /* HomeViewController.swift */ = {isa = PBXFileReference; lastKnownFileType = sourcecode.swift; path = HomeViewController.swift; sourceTree = "<group>"; };
		B4D16877275B3A28009C192B /* NewProductTableViewCell.swift */ = {isa = PBXFileReference; lastKnownFileType = sourcecode.swift; path = NewProductTableViewCell.swift; sourceTree = "<group>"; };
/* End PBXFileReference section */

/* Begin PBXFrameworksBuildPhase section */
		753CDACB2757E05C00FFAA87 /* Frameworks */ = {
			isa = PBXFrameworksBuildPhase;
			buildActionMask = 2147483647;
			files = (
			);
			runOnlyForDeploymentPostprocessing = 0;
		};
/* End PBXFrameworksBuildPhase section */

/* Begin PBXGroup section */
		753CDAC52757E05C00FFAA87 = {
			isa = PBXGroup;
			children = (
				753CDAD02757E05D00FFAA87 /* OrganicBeauti2 */,
				753CDACF2757E05D00FFAA87 /* Products */,
			);
			sourceTree = "<group>";
		};
		753CDACF2757E05D00FFAA87 /* Products */ = {
			isa = PBXGroup;
			children = (
				753CDACE2757E05D00FFAA87 /* OrganicBeauti2.app */,
			);
			name = Products;
			sourceTree = "<group>";
		};
		753CDAD02757E05D00FFAA87 /* OrganicBeauti2 */ = {
			isa = PBXGroup;
			children = (
				75903A55275AC38E0054FDF4 /* Classes */,
				753CDAEA2757E11400FFAA87 /* ViewController */,
				753CDAD12757E05D00FFAA87 /* AppDelegate.swift */,
				753CDAD32757E05D00FFAA87 /* SceneDelegate.swift */,
				753CDAD72757E05D00FFAA87 /* Main.storyboard */,
				753CDADD2757E05D00FFAA87 /* Assets.xcassets */,
				753CDADF2757E05D00FFAA87 /* LaunchScreen.storyboard */,
				753CDAE22757E05D00FFAA87 /* Info.plist */,
				753CDADA2757E05D00FFAA87 /* OrganicBeauti2.xcdatamodeld */,
				B4D1686F275AB608009C192B /* ProductCollectionViewCell.swift */,
				B4D16873275AB934009C192B /* Product.swift */,
				B4D16877275B3A28009C192B /* NewProductTableViewCell.swift */,
			);
			path = OrganicBeauti2;
			sourceTree = "<group>";
		};
		753CDAEA2757E11400FFAA87 /* ViewController */ = {
			isa = PBXGroup;
			children = (
				753CDAE82757E10400FFAA87 /* AccountViewController.swift */,
				753CDAD52757E05D00FFAA87 /* ViewController.swift */,
				759DEE5D2759B42A0018A288 /* SignUpViewController.swift */,
				B4D16871275AB6AC009C192B /* SearchViewController.swift */,
				B4D16875275B335B009C192B /* HomeViewController.swift */,
				B4B4116D275BF91800E43385 /* ItemViewViewController.swift */,
			);
			path = ViewController;
			sourceTree = "<group>";
		};
		75903A55275AC38E0054FDF4 /* Classes */ = {
			isa = PBXGroup;
			children = (
				75903A56275AC3B20054FDF4 /* CurrentSession.swift */,
				75903A58275AC3EE0054FDF4 /* User.swift */,
				75903A5A275AC4D40054FDF4 /* Order.swift */,
				75903A5C275AC4FA0054FDF4 /* OrderItem.swift */,
			);
			path = Classes;
			sourceTree = "<group>";
		};
/* End PBXGroup section */

/* Begin PBXNativeTarget section */
		753CDACD2757E05C00FFAA87 /* OrganicBeauti2 */ = {
			isa = PBXNativeTarget;
			buildConfigurationList = 753CDAE52757E05D00FFAA87 /* Build configuration list for PBXNativeTarget "OrganicBeauti2" */;
			buildPhases = (
				753CDACA2757E05C00FFAA87 /* Sources */,
				753CDACB2757E05C00FFAA87 /* Frameworks */,
				753CDACC2757E05C00FFAA87 /* Resources */,
			);
			buildRules = (
			);
			dependencies = (
			);
			name = OrganicBeauti2;
			productName = OrganicBeauti2;
			productReference = 753CDACE2757E05D00FFAA87 /* OrganicBeauti2.app */;
			productType = "com.apple.product-type.application";
		};
/* End PBXNativeTarget section */

/* Begin PBXProject section */
		753CDAC62757E05C00FFAA87 /* Project object */ = {
			isa = PBXProject;
			attributes = {
				LastSwiftUpdateCheck = 1130;
				LastUpgradeCheck = 1130;
				ORGANIZATIONNAME = user199800;
				TargetAttributes = {
					753CDACD2757E05C00FFAA87 = {
						CreatedOnToolsVersion = 11.3;
					};
				};
			};
			buildConfigurationList = 753CDAC92757E05C00FFAA87 /* Build configuration list for PBXProject "OrganicBeauti2" */;
			compatibilityVersion = "Xcode 9.3";
			developmentRegion = en;
			hasScannedForEncodings = 0;
			knownRegions = (
				en,
				Base,
			);
			mainGroup = 753CDAC52757E05C00FFAA87;
			productRefGroup = 753CDACF2757E05D00FFAA87 /* Products */;
			projectDirPath = "";
			projectRoot = "";
			targets = (
				753CDACD2757E05C00FFAA87 /* OrganicBeauti2 */,
			);
		};
/* End PBXProject section */

/* Begin PBXResourcesBuildPhase section */
		753CDACC2757E05C00FFAA87 /* Resources */ = {
			isa = PBXResourcesBuildPhase;
			buildActionMask = 2147483647;
			files = (
				753CDAE12757E05D00FFAA87 /* LaunchScreen.storyboard in Resources */,
				753CDADE2757E05D00FFAA87 /* Assets.xcassets in Resources */,
				753CDAD92757E05D00FFAA87 /* Main.storyboard in Resources */,
			);
			runOnlyForDeploymentPostprocessing = 0;
		};
/* End PBXResourcesBuildPhase section */

/* Begin PBXSourcesBuildPhase section */
		753CDACA2757E05C00FFAA87 /* Sources */ = {
			isa = PBXSourcesBuildPhase;
			buildActionMask = 2147483647;
			files = (
				B4B4116E275BF91800E43385 /* ItemViewViewController.swift in Sources */,
				759DEE5E2759B42A0018A288 /* SignUpViewController.swift in Sources */,
				753CDAD62757E05D00FFAA87 /* ViewController.swift in Sources */,
				B4D16874275AB934009C192B /* Product.swift in Sources */,
				B4D16872275AB6AC009C192B /* SearchViewController.swift in Sources */,
				B4D16870275AB608009C192B /* ProductCollectionViewCell.swift in Sources */,
				B4D16876275B335B009C192B /* HomeViewController.swift in Sources */,
				753CDAE92757E10400FFAA87 /* AccountViewController.swift in Sources */,
				75903A5B275AC4D40054FDF4 /* Order.swift in Sources */,
				75903A57275AC3B20054FDF4 /* CurrentSession.swift in Sources */,
				75903A59275AC3EE0054FDF4 /* User.swift in Sources */,
				753CDAD22757E05D00FFAA87 /* AppDelegate.swift in Sources */,
				75903A5D275AC4FA0054FDF4 /* OrderItem.swift in Sources */,
				753CDADC2757E05D00FFAA87 /* OrganicBeauti2.xcdatamodeld in Sources */,
				753CDAD42757E05D00FFAA87 /* SceneDelegate.swift in Sources */,
				B4D16878275B3A28009C192B /* NewProductTableViewCell.swift in Sources */,
			);
			runOnlyForDeploymentPostprocessing = 0;
		};
/* End PBXSourcesBuildPhase section */

/* Begin PBXVariantGroup section */
		753CDAD72757E05D00FFAA87 /* Main.storyboard */ = {
			isa = PBXVariantGroup;
			children = (
				753CDAD82757E05D00FFAA87 /* Base */,
			);
			name = Main.storyboard;
			sourceTree = "<group>";
		};
		753CDADF2757E05D00FFAA87 /* LaunchScreen.storyboard */ = {
			isa = PBXVariantGroup;
			children = (
				753CDAE02757E05D00FFAA87 /* Base */,
			);
			name = LaunchScreen.storyboard;
			sourceTree = "<group>";
		};
/* End PBXVariantGroup section */

/* Begin XCBuildConfiguration section */
		753CDAE32757E05D00FFAA87 /* Debug */ = {
			isa = XCBuildConfiguration;
			buildSettings = {
				ALWAYS_SEARCH_USER_PATHS = NO;
				CLANG_ANALYZER_NONNULL = YES;
				CLANG_ANALYZER_NUMBER_OBJECT_CONVERSION = YES_AGGRESSIVE;
				CLANG_CXX_LANGUAGE_STANDARD = "gnu++14";
				CLANG_CXX_LIBRARY = "libc++";
				CLANG_ENABLE_MODULES = YES;
				CLANG_ENABLE_OBJC_ARC = YES;
				CLANG_ENABLE_OBJC_WEAK = YES;
				CLANG_WARN_BLOCK_CAPTURE_AUTORELEASING = YES;
				CLANG_WARN_BOOL_CONVERSION = YES;
				CLANG_WARN_COMMA = YES;
				CLANG_WARN_CONSTANT_CONVERSION = YES;
				CLANG_WARN_DEPRECATED_OBJC_IMPLEMENTATIONS = YES;
				CLANG_WARN_DIRECT_OBJC_ISA_USAGE = YES_ERROR;
				CLANG_WARN_DOCUMENTATION_COMMENTS = YES;
				CLANG_WARN_EMPTY_BODY = YES;
				CLANG_WARN_ENUM_CONVERSION = YES;
				CLANG_WARN_INFINITE_RECURSION = YES;
				CLANG_WARN_INT_CONVERSION = YES;
				CLANG_WARN_NON_LITERAL_NULL_CONVERSION = YES;
				CLANG_WARN_OBJC_IMPLICIT_RETAIN_SELF = YES;
				CLANG_WARN_OBJC_LITERAL_CONVERSION = YES;
				CLANG_WARN_OBJC_ROOT_CLASS = YES_ERROR;
				CLANG_WARN_RANGE_LOOP_ANALYSIS = YES;
				CLANG_WARN_STRICT_PROTOTYPES = YES;
				CLANG_WARN_SUSPICIOUS_MOVE = YES;
				CLANG_WARN_UNGUARDED_AVAILABILITY = YES_AGGRESSIVE;
				CLANG_WARN_UNREACHABLE_CODE = YES;
				CLANG_WARN__DUPLICATE_METHOD_MATCH = YES;
				COPY_PHASE_STRIP = NO;
				DEBUG_INFORMATION_FORMAT = dwarf;
				ENABLE_STRICT_OBJC_MSGSEND = YES;
				ENABLE_TESTABILITY = YES;
				GCC_C_LANGUAGE_STANDARD = gnu11;
				GCC_DYNAMIC_NO_PIC = NO;
				GCC_NO_COMMON_BLOCKS = YES;
				GCC_OPTIMIZATION_LEVEL = 0;
				GCC_PREPROCESSOR_DEFINITIONS = (
					"DEBUG=1",
					"$(inherited)",
				);
				GCC_WARN_64_TO_32_BIT_CONVERSION = YES;
				GCC_WARN_ABOUT_RETURN_TYPE = YES_ERROR;
				GCC_WARN_UNDECLARED_SELECTOR = YES;
				GCC_WARN_UNINITIALIZED_AUTOS = YES_AGGRESSIVE;
				GCC_WARN_UNUSED_FUNCTION = YES;
				GCC_WARN_UNUSED_VARIABLE = YES;
				IPHONEOS_DEPLOYMENT_TARGET = 13.2;
				MTL_ENABLE_DEBUG_INFO = INCLUDE_SOURCE;
				MTL_FAST_MATH = YES;
				ONLY_ACTIVE_ARCH = YES;
				SDKROOT = iphoneos;
				SWIFT_ACTIVE_COMPILATION_CONDITIONS = DEBUG;
				SWIFT_OPTIMIZATION_LEVEL = "-Onone";
			};
			name = Debug;
		};
		753CDAE42757E05D00FFAA87 /* Release */ = {
			isa = XCBuildConfiguration;
			buildSettings = {
				ALWAYS_SEARCH_USER_PATHS = NO;
				CLANG_ANALYZER_NONNULL = YES;
				CLANG_ANALYZER_NUMBER_OBJECT_CONVERSION = YES_AGGRESSIVE;
				CLANG_CXX_LANGUAGE_STANDARD = "gnu++14";
				CLANG_CXX_LIBRARY = "libc++";
				CLANG_ENABLE_MODULES = YES;
				CLANG_ENABLE_OBJC_ARC = YES;
				CLANG_ENABLE_OBJC_WEAK = YES;
				CLANG_WARN_BLOCK_CAPTURE_AUTORELEASING = YES;
				CLANG_WARN_BOOL_CONVERSION = YES;
				CLANG_WARN_COMMA = YES;
				CLANG_WARN_CONSTANT_CONVERSION = YES;
				CLANG_WARN_DEPRECATED_OBJC_IMPLEMENTATIONS = YES;
				CLANG_WARN_DIRECT_OBJC_ISA_USAGE = YES_ERROR;
				CLANG_WARN_DOCUMENTATION_COMMENTS = YES;
				CLANG_WARN_EMPTY_BODY = YES;
				CLANG_WARN_ENUM_CONVERSION = YES;
				CLANG_WARN_INFINITE_RECURSION = YES;
				CLANG_WARN_INT_CONVERSION = YES;
				CLANG_WARN_NON_LITERAL_NULL_CONVERSION = YES;
				CLANG_WARN_OBJC_IMPLICIT_RETAIN_SELF = YES;
				CLANG_WARN_OBJC_LITERAL_CONVERSION = YES;
				CLANG_WARN_OBJC_ROOT_CLASS = YES_ERROR;
				CLANG_WARN_RANGE_LOOP_ANALYSIS = YES;
				CLANG_WARN_STRICT_PROTOTYPES = YES;
				CLANG_WARN_SUSPICIOUS_MOVE = YES;
				CLANG_WARN_UNGUARDED_AVAILABILITY = YES_AGGRESSIVE;
				CLANG_WARN_UNREACHABLE_CODE = YES;
				CLANG_WARN__DUPLICATE_METHOD_MATCH = YES;
				COPY_PHASE_STRIP = NO;
				DEBUG_INFORMATION_FORMAT = "dwarf-with-dsym";
				ENABLE_NS_ASSERTIONS = NO;
				ENABLE_STRICT_OBJC_MSGSEND = YES;
				GCC_C_LANGUAGE_STANDARD = gnu11;
				GCC_NO_COMMON_BLOCKS = YES;
				GCC_WARN_64_TO_32_BIT_CONVERSION = YES;
				GCC_WARN_ABOUT_RETURN_TYPE = YES_ERROR;
				GCC_WARN_UNDECLARED_SELECTOR = YES;
				GCC_WARN_UNINITIALIZED_AUTOS = YES_AGGRESSIVE;
				GCC_WARN_UNUSED_FUNCTION = YES;
				GCC_WARN_UNUSED_VARIABLE = YES;
				IPHONEOS_DEPLOYMENT_TARGET = 13.2;
				MTL_ENABLE_DEBUG_INFO = NO;
				MTL_FAST_MATH = YES;
				SDKROOT = iphoneos;
				SWIFT_COMPILATION_MODE = wholemodule;
				SWIFT_OPTIMIZATION_LEVEL = "-O";
				VALIDATE_PRODUCT = YES;
			};
			name = Release;
		};
		753CDAE62757E05D00FFAA87 /* Debug */ = {
			isa = XCBuildConfiguration;
			buildSettings = {
				ASSETCATALOG_COMPILER_APPICON_NAME = AppIcon;
				CODE_SIGN_STYLE = Automatic;
				INFOPLIST_FILE = OrganicBeauti2/Info.plist;
				LD_RUNPATH_SEARCH_PATHS = (
					"$(inherited)",
					"@executable_path/Frameworks",
				);
				PRODUCT_BUNDLE_IDENTIFIER = me.OrganicBeauti2;
				PRODUCT_NAME = "$(TARGET_NAME)";
				SWIFT_VERSION = 5.0;
				TARGETED_DEVICE_FAMILY = "1,2";
			};
			name = Debug;
		};
		753CDAE72757E05D00FFAA87 /* Release */ = {
			isa = XCBuildConfiguration;
			buildSettings = {
				ASSETCATALOG_COMPILER_APPICON_NAME = AppIcon;
				CODE_SIGN_STYLE = Automatic;
				INFOPLIST_FILE = OrganicBeauti2/Info.plist;
				LD_RUNPATH_SEARCH_PATHS = (
					"$(inherited)",
					"@executable_path/Frameworks",
				);
				PRODUCT_BUNDLE_IDENTIFIER = me.OrganicBeauti2;
				PRODUCT_NAME = "$(TARGET_NAME)";
				SWIFT_VERSION = 5.0;
				TARGETED_DEVICE_FAMILY = "1,2";
			};
			name = Release;
		};
/* End XCBuildConfiguration section */

/* Begin XCConfigurationList section */
		753CDAC92757E05C00FFAA87 /* Build configuration list for PBXProject "OrganicBeauti2" */ = {
			isa = XCConfigurationList;
			buildConfigurations = (
				753CDAE32757E05D00FFAA87 /* Debug */,
				753CDAE42757E05D00FFAA87 /* Release */,
			);
			defaultConfigurationIsVisible = 0;
			defaultConfigurationName = Release;
		};
		753CDAE52757E05D00FFAA87 /* Build configuration list for PBXNativeTarget "OrganicBeauti2" */ = {
			isa = XCConfigurationList;
			buildConfigurations = (
				753CDAE62757E05D00FFAA87 /* Debug */,
				753CDAE72757E05D00FFAA87 /* Release */,
			);
			defaultConfigurationIsVisible = 0;
			defaultConfigurationName = Release;
		};
/* End XCConfigurationList section */

/* Begin XCVersionGroup section */
		753CDADA2757E05D00FFAA87 /* OrganicBeauti2.xcdatamodeld */ = {
			isa = XCVersionGroup;
			children = (
				753CDADB2757E05D00FFAA87 /* OrganicBeauti2.xcdatamodel */,
			);
			currentVersion = 753CDADB2757E05D00FFAA87 /* OrganicBeauti2.xcdatamodel */;
			path = OrganicBeauti2.xcdatamodeld;
			sourceTree = "<group>";
			versionGroupType = wrapper.xcdatamodel;
		};
/* End XCVersionGroup section */
	};
	rootObject = 753CDAC62757E05C00FFAA87 /* Project object */;
}
